# This file was autogenerated by Stack.
# You should not edit this file by hand.
# For more information, please see the documentation at:
#   https://docs.haskellstack.org/en/stable/lock_files

packages:
- completed:
    hackage: friday-devil-0.1.1.1@sha256:ef96bbfb45c134ea61e38951407be53e324fd9b9665ef3dfde61bbae3f7f6250,2185
    pantry-tree:
      size: 317
      sha256: ef88bf2e57c52748a765390ca8286c01302271725dfaf91e6c024d44be4c91ba
  original:
    hackage: friday-devil-0.1.1.1
snapshots:
- completed:
    size: 566883
    url: https://raw.githubusercontent.com/commercialhaskell/stackage-snapshots/master/lts/10/0.yaml
    sha256: d0ee122a83faa02a679829d43b3485b21827c3cc1cce0db8ac8957b78d45bee3
  original: lts-10.0
